DEPENDENCIES
  apt (~> 2.0)
  aws (~> 2.0)
  chef-client
  docker (~> 0.0)
  ec-tools
    git: https://github.com/irvingpop/ec-tools
    revision: 90679033c6f91168a2e086a70563e29e9d29add1
  hostsfile (~> 2.0)
  lvm (~> 1.0)
  yum (~> 3.0)
  yum-elrepo
    git: https://github.com/irvingpop/yum-elrepo
    revision: 6f54695c637758f6b65b148b92313caeda59f787
    branch: add_elrepo_testing_extras
  yum-epel

GRAPH
  apt (2.7.0)
  aws (2.7.2)
  chef-client (4.3.1)
    cron (>= 1.2.0)
    logrotate (>= 1.2.0)
    windows (~> 1.37)
  chef_handler (1.2.0)
  cron (1.6.1)
  docker (0.43.0)
  ec-tools (0.2.0)
  hostsfile (2.4.5)
  logrotate (1.9.2)
  lvm (1.3.7)
  windows (1.38.1)
    chef_handler (>= 0.0.0)
  yum (3.6.3)
  yum-elrepo (0.2.1)
    yum (~> 3.0)
  yum-epel (0.6.2)
    yum (~> 3.2)
